
Microsoft Visual Studio Solution File, Format Version 12.00
# Visual Studio Version 17
VisualStudioVersion = 17.11.35219.272
MinimumVisualStudioVersion = 10.0.40219.1
Project("{888888A0-9F3D-457C-B088-3A5042F75D52}") = "startup", "startup\startup.pyproj", "{AAF63F39-338B-446E-9EE1-97CB1A07128E}"
EndProject
Global
	GlobalSection(SolutionConfigurationPlatforms) = preSolution
		Debug|Any CPU = Debug|Any CPU
		Release|Any CPU = Release|Any CPU
	EndGlobalSection
	GlobalSection(ProjectConfigurationPlatforms) = postSolution
		{AAF63F39-338B-446E-9EE1-97CB1A07128E}.Debug|Any CPU.ActiveCfg = Debug|Any CPU
		{AAF63F39-338B-446E-9EE1-97CB1A07128E}.Debug|Any CPU.Build.0 = Debug|Any CPU
		{AAF63F39-338B-446E-9EE1-97CB1A07128E}.Release|Any CPU.ActiveCfg = Release|Any CPU
		{AAF63F39-338B-446E-9EE1-97CB1A07128E}.Release|Any CPU.Build.0 = Release|Any CPU
	EndGlobalSection
	GlobalSection(SolutionProperties) = preSolution
		HideSolutionNode = FALSE
	EndGlobalSection
	GlobalSection(ExtensibilityGlobals) = postSolution
		SolutionGuid = {1B31C5FE-782D-4A2A-860A-77BA0C694E20}
	EndGlobalSection
EndGlobal
